
Microsoft Visual Studio Solution File, Format Version 12.00
# Visual Studio Version 16
VisualStudioVersion = 16.0.28922.388
MinimumVisualStudioVersion = 10.0.40219.1
Project("{FAE04EC0-301F-11D3-BF4B-00C04F79EFBC}") = "HDDLED", "HDDLED\HDDLED.csproj", "{F2A9275A-C7A8-4D8F-9748-47A4AA358218}"
EndProject
Global
	GlobalSection(SolutionConfigurationPlatforms) = preSolution
		Debug|Any CPU = Debug|Any CPU
		Debug|x64 = Debug|x64
		Release|Any CPU = Release|Any CPU
		Release|x64 = Release|x64
	EndGlobalSection
	GlobalSection(ProjectConfigurationPlatforms) = postSolution
		{F2A9275A-C7A8-4D8F-9748-47A4AA358218}.Debug|Any CPU.ActiveCfg = Debug|Any CPU
		{F2A9275A-C7A8-4D8F-9748-47A4AA358218}.Debug|Any CPU.Build.0 = Debug|Any CPU
		{F2A9275A-C7A8-4D8F-9748-47A4AA358218}.Debug|x64.ActiveCfg = Debug|x64
		{F2A9275A-C7A8-4D8F-9748-47A4AA358218}.Debug|x64.Build.0 = Debug|x64
		{F2A9275A-C7A8-4D8F-9748-47A4AA358218}.Release|Any CPU.ActiveCfg = Release|Any CPU
		{F2A9275A-C7A8-4D8F-9748-47A4AA358218}.Release|Any CPU.Build.0 = Release|Any CPU
		{F2A9275A-C7A8-4D8F-9748-47A4AA358218}.Release|x64.ActiveCfg = Release|x64
		{F2A9275A-C7A8-4D8F-9748-47A4AA358218}.Release|x64.Build.0 = Release|x64
	EndGlobalSection
	GlobalSection(SolutionProperties) = preSolution
		HideSolutionNode = FALSE
	EndGlobalSection
	GlobalSection(ExtensibilityGlobals) = postSolution
		SolutionGuid = {80B2FDDF-7855-4036-A324-3BE33F5F0A9C}
	EndGlobalSection
EndGlobal
